// !$*UTF8*$!
{
	archiveVersion = 1;
	classes = {
	};
	objectVersion = 50;
	objects = {

/* Begin PBXBuildFile section */
		BCA0FF5D2452F96F006F30E4 /* AppDelegate.swift in Sources */ = {isa = PBXBuildFile; fileRef = BCA0FF5C2452F96F006F30E4 /* AppDelegate.swift */; };
		BCA0FF5F2452F96F006F30E4 /* SceneDelegate.swift in Sources */ = {isa = PBXBuildFile; fileRef = BCA0FF5E2452F96F006F30E4 /* SceneDelegate.swift */; };
		BCA0FF612452F96F006F30E4 /* ViewController.swift in Sources */ = {isa = PBXBuildFile; fileRef = BCA0FF602452F96F006F30E4 /* ViewController.swift */; };
		BCA0FF642452F96F006F30E4 /* Main.storyboard in Resources */ = {isa = PBXBuildFile; fileRef = BCA0FF622452F96F006F30E4 /* Main.storyboard */; };
		BCA0FF662452F970006F30E4 /* Assets.xcassets in Resources */ = {isa = PBXBuildFile; fileRef = BCA0FF652452F970006F30E4 /* Assets.xcassets */; };
		BCA0FF692452F970006F30E4 /* LaunchScreen.storyboard in Resources */ = {isa = PBXBuildFile; fileRef = BCA0FF672452F970006F30E4 /* LaunchScreen.storyboard */; };
		BCA0FF742452F970006F30E4 /* ThemeCreatorTests.swift in Sources */ = {isa = PBXBuildFile; fileRef = BCA0FF732452F970006F30E4 /* ThemeCreatorTests.swift */; };
		BCA0FF7F2452F970006F30E4 /* ThemeCreatorUITests.swift in Sources */ = {isa = PBXBuildFile; fileRef = BCA0FF7E2452F970006F30E4 /* ThemeCreatorUITests.swift */; };
		BCA0FF902452F9C9006F30E4 /* AppTheme.swift in Sources */ = {isa = PBXBuildFile; fileRef = BCA0FF8F2452F9C9006F30E4 /* AppTheme.swift */; };
		BCA0FF962452F9DC006F30E4 /* ThemeButton.swift in Sources */ = {isa = PBXBuildFile; fileRef = BCA0FF922452F9DC006F30E4 /* ThemeButton.swift */; };
		BCA0FF972452F9DC006F30E4 /* ThemeTextField.swift in Sources */ = {isa = PBXBuildFile; fileRef = BCA0FF932452F9DC006F30E4 /* ThemeTextField.swift */; };
		BCA0FF982452F9DC006F30E4 /* ThemeTextView.swift in Sources */ = {isa = PBXBuildFile; fileRef = BCA0FF942452F9DC006F30E4 /* ThemeTextView.swift */; };
		BCA0FF992452F9DC006F30E4 /* ThemeLabel.swift in Sources */ = {isa = PBXBuildFile; fileRef = BCA0FF952452F9DC006F30E4 /* ThemeLabel.swift */; };
		BCA0FF9C2452FAE3006F30E4 /* Localizable.swift in Sources */ = {isa = PBXBuildFile; fileRef = BCA0FF9A2452FAE3006F30E4 /* Localizable.swift */; };
		BCA0FF9D2452FAE3006F30E4 /* LocalizableProtocol.swift in Sources */ = {isa = PBXBuildFile; fileRef = BCA0FF9B2452FAE3006F30E4 /* LocalizableProtocol.swift */; };
		BCA0FFA024530D89006F30E4 /* ThemeColors.xcassets in Resources */ = {isa = PBXBuildFile; fileRef = BCA0FF9F24530D89006F30E4 /* ThemeColors.xcassets */; };
/* End PBXBuildFile section */

/* Begin PBXContainerItemProxy section */
		BCA0FF702452F970006F30E4 /* PBXContainerItemProxy */ = {
			isa = PBXContainerItemProxy;
			containerPortal = BCA0FF512452F96F006F30E4 /* Project object */;
			proxyType = 1;
			remoteGlobalIDString = BCA0FF582452F96F006F30E4;
			remoteInfo = ThemeCreator;
		};
		BCA0FF7B2452F970006F30E4 /* PBXContainerItemProxy */ = {
			isa = PBXContainerItemProxy;
			containerPortal = BCA0FF512452F96F006F30E4 /* Project object */;
			proxyType = 1;
			remoteGlobalIDString = BCA0FF582452F96F006F30E4;
			remoteInfo = ThemeCreator;
		};
/* End PBXContainerItemProxy section */

/* Begin PBXFileReference section */
		BCA0FF592452F96F006F30E4 /* ThemeCreator.app */ = {isa = PBXFileReference; explicitFileType = wrapper.application; includeInIndex = 0; path = ThemeCreator.app; sourceTree = BUILT_PRODUCTS_DIR; };
		BCA0FF5C2452F96F006F30E4 /* AppDelegate.swift */ = {isa = PBXFileReference; lastKnownFileType = sourcecode.swift; path = AppDelegate.swift; sourceTree = "<group>"; };
		BCA0FF5E2452F96F006F30E4 /* SceneDelegate.swift */ = {isa = PBXFileReference; lastKnownFileType = sourcecode.swift; path = SceneDelegate.swift; sourceTree = "<group>"; };
		BCA0FF602452F96F006F30E4 /* ViewController.swift */ = {isa = PBXFileReference; lastKnownFileType = sourcecode.swift; path = ViewController.swift; sourceTree = "<group>"; };
		BCA0FF632452F96F006F30E4 /* Base */ = {isa = PBXFileReference; lastKnownFileType = file.storyboard; name = Base; path = Base.lproj/Main.storyboard; sourceTree = "<group>"; };
		BCA0FF652452F970006F30E4 /* Assets.xcassets */ = {isa = PBXFileReference; lastKnownFileType = folder.assetcatalog; path = Assets.xcassets; sourceTree = "<group>"; };
		BCA0FF682452F970006F30E4 /* Base */ = {isa = PBXFileReference; lastKnownFileType = file.storyboard; name = Base; path = Base.lproj/LaunchScreen.storyboard; sourceTree = "<group>"; };
		BCA0FF6A2452F970006F30E4 /* Info.plist */ = {isa = PBXFileReference; lastKnownFileType = text.plist.xml; path = Info.plist; sourceTree = "<group>"; };
		BCA0FF6F2452F970006F30E4 /* ThemeCreatorTests.xctest */ = {isa = PBXFileReference; explicitFileType = wrapper.cfbundle; includeInIndex = 0; path = ThemeCreatorTests.xctest; sourceTree = BUILT_PRODUCTS_DIR; };
		BCA0FF732452F970006F30E4 /* ThemeCreatorTests.swift */ = {isa = PBXFileReference; lastKnownFileType = sourcecode.swift; path = ThemeCreatorTests.swift; sourceTree = "<group>"; };
		BCA0FF752452F970006F30E4 /* Info.plist */ = {isa = PBXFileReference; lastKnownFileType = text.plist.xml; path = Info.plist; sourceTree = "<group>"; };
		BCA0FF7A2452F970006F30E4 /* ThemeCreatorUITests.xctest */ = {isa = PBXFileReference; explicitFileType = wrapper.cfbundle; includeInIndex = 0; path = ThemeCreatorUITests.xctest; sourceTree = BUILT_PRODUCTS_DIR; };
		BCA0FF7E2452F970006F30E4 /* ThemeCreatorUITests.swift */ = {isa = PBXFileReference; lastKnownFileType = sourcecode.swift; path = ThemeCreatorUITests.swift; sourceTree = "<group>"; };
		BCA0FF802452F970006F30E4 /* Info.plist */ = {isa = PBXFileReference; lastKnownFileType = text.plist.xml; path = Info.plist; sourceTree = "<group>"; };
		BCA0FF8F2452F9C9006F30E4 /* AppTheme.swift */ = {isa = PBXFileReference; fileEncoding = 4; lastKnownFileType = sourcecode.swift; path = AppTheme.swift; sourceTree = "<group>"; };
		BCA0FF922452F9DC006F30E4 /* ThemeButton.swift */ = {isa = PBXFileReference; fileEncoding = 4; lastKnownFileType = sourcecode.swift; path = ThemeButton.swift; sourceTree = "<group>"; };
		BCA0FF932452F9DC006F30E4 /* ThemeTextField.swift */ = {isa = PBXFileReference; fileEncoding = 4; lastKnownFileType = sourcecode.swift; path = ThemeTextField.swift; sourceTree = "<group>"; };
		BCA0FF942452F9DC006F30E4 /* ThemeTextView.swift */ = {isa = PBXFileReference; fileEncoding = 4; lastKnownFileType = sourcecode.swift; path = ThemeTextView.swift; sourceTree = "<group>"; };
		BCA0FF952452F9DC006F30E4 /* ThemeLabel.swift */ = {isa = PBXFileReference; fileEncoding = 4; lastKnownFileType = sourcecode.swift; path = ThemeLabel.swift; sourceTree = "<group>"; };
		BCA0FF9A2452FAE3006F30E4 /* Localizable.swift */ = {isa = PBXFileReference; fileEncoding = 4; lastKnownFileType = sourcecode.swift; path = Localizable.swift; sourceTree = "<group>"; };
		BCA0FF9B2452FAE3006F30E4 /* LocalizableProtocol.swift */ = {isa = PBXFileReference; fileEncoding = 4; lastKnownFileType = sourcecode.swift; path = LocalizableProtocol.swift; sourceTree = "<group>"; };
		BCA0FF9F24530D89006F30E4 /* ThemeColors.xcassets */ = {isa = PBXFileReference; lastKnownFileType = folder.assetcatalog; path = ThemeColors.xcassets; sourceTree = "<group>"; };
/* End PBXFileReference section */

/* Begin PBXFrameworksBuildPhase section */
		BCA0FF562452F96F006F30E4 /* Frameworks */ = {
			isa = PBXFrameworksBuildPhase;
			buildActionMask = 2147483647;
			files = (
			);
			runOnlyForDeploymentPostprocessing = 0;
		};
		BCA0FF6C2452F970006F30E4 /* Frameworks */ = {
			isa = PBXFrameworksBuildPhase;
			buildActionMask = 2147483647;
			files = (
			);
			runOnlyForDeploymentPostprocessing = 0;
		};
		BCA0FF772452F970006F30E4 /* Frameworks */ = {
			isa = PBXFrameworksBuildPhase;
			buildActionMask = 2147483647;
			files = (
			);
			runOnlyForDeploymentPostprocessing = 0;
		};
/* End PBXFrameworksBuildPhase section */

/* Begin PBXGroup section */
		BCA0FF502452F96F006F30E4 = {
			isa = PBXGroup;
			children = (
				BCA0FF5B2452F96F006F30E4 /* ThemeCreator */,
				BCA0FF722452F970006F30E4 /* ThemeCreatorTests */,
				BCA0FF7D2452F970006F30E4 /* ThemeCreatorUITests */,
				BCA0FF5A2452F96F006F30E4 /* Products */,
			);
			sourceTree = "<group>";
		};
		BCA0FF5A2452F96F006F30E4 /* Products */ = {
			isa = PBXGroup;
			children = (
				BCA0FF592452F96F006F30E4 /* ThemeCreator.app */,
				BCA0FF6F2452F970006F30E4 /* ThemeCreatorTests.xctest */,
				BCA0FF7A2452F970006F30E4 /* ThemeCreatorUITests.xctest */,
			);
			name = Products;
			sourceTree = "<group>";
		};
		BCA0FF5B2452F96F006F30E4 /* ThemeCreator */ = {
			isa = PBXGroup;
			children = (
				BCA0FF9E2452FAF2006F30E4 /* LocalizationFile */,
				BCA0FF912452F9CD006F30E4 /* CustomClasses */,
				BCA0FF8E2452F9BD006F30E4 /* Theme */,
				BCA0FF8D2452F9A8006F30E4 /* Controllers */,
				BCA0FF8C2452F99B006F30E4 /* Comman */,
				BCA0FF622452F96F006F30E4 /* Main.storyboard */,
				BCA0FF9F24530D89006F30E4 /* ThemeColors.xcassets */,
				BCA0FF652452F970006F30E4 /* Assets.xcassets */,
				BCA0FF672452F970006F30E4 /* LaunchScreen.storyboard */,
				BCA0FF6A2452F970006F30E4 /* Info.plist */,
			);
			path = ThemeCreator;
			sourceTree = "<group>";
		};
		BCA0FF722452F970006F30E4 /* ThemeCreatorTests */ = {
			isa = PBXGroup;
			children = (
				BCA0FF732452F970006F30E4 /* ThemeCreatorTests.swift */,
				BCA0FF752452F970006F30E4 /* Info.plist */,
			);
			path = ThemeCreatorTests;
			sourceTree = "<group>";
		};
		BCA0FF7D2452F970006F30E4 /* ThemeCreatorUITests */ = {
			isa = PBXGroup;
			children = (
				BCA0FF7E2452F970006F30E4 /* ThemeCreatorUITests.swift */,
				BCA0FF802452F970006F30E4 /* Info.plist */,
			);
			path = ThemeCreatorUITests;
			sourceTree = "<group>";
		};
		BCA0FF8C2452F99B006F30E4 /* Comman */ = {
			isa = PBXGroup;
			children = (
				BCA0FF5E2452F96F006F30E4 /* SceneDelegate.swift */,
				BCA0FF5C2452F96F006F30E4 /* AppDelegate.swift */,
			);
			path = Comman;
			sourceTree = "<group>";
		};
		BCA0FF8D2452F9A8006F30E4 /* Controllers */ = {
			isa = PBXGroup;
			children = (
				BCA0FF602452F96F006F30E4 /* ViewController.swift */,
			);
			path = Controllers;
			sourceTree = "<group>";
		};
		BCA0FF8E2452F9BD006F30E4 /* Theme */ = {
			isa = PBXGroup;
			children = (
				BCA0FF8F2452F9C9006F30E4 /* AppTheme.swift */,
			);
			path = Theme;
			sourceTree = "<group>";
		};
		BCA0FF912452F9CD006F30E4 /* CustomClasses */ = {
			isa = PBXGroup;
			children = (
				BCA0FF922452F9DC006F30E4 /* ThemeButton.swift */,
				BCA0FF952452F9DC006F30E4 /* ThemeLabel.swift */,
				BCA0FF932452F9DC006F30E4 /* ThemeTextField.swift */,
				BCA0FF942452F9DC006F30E4 /* ThemeTextView.swift */,
			);
			path = CustomClasses;
			sourceTree = "<group>";
		};
		BCA0FF9E2452FAF2006F30E4 /* LocalizationFile */ = {
			isa = PBXGroup;
			children = (
				BCA0FF9B2452FAE3006F30E4 /* LocalizableProtocol.swift */,
				BCA0FF9A2452FAE3006F30E4 /* Localizable.swift */,
			);
			path = LocalizationFile;
			sourceTree = "<group>";
		};
/* End PBXGroup section */

/* Begin PBXNativeTarget section */
		BCA0FF582452F96F006F30E4 /* ThemeCreator */ = {
			isa = PBXNativeTarget;
			buildConfigurationList = BCA0FF832452F970006F30E4 /* Build configuration list for PBXNativeTarget "ThemeCreator" */;
			buildPhases = (
				BCA0FF552452F96F006F30E4 /* Sources */,
				BCA0FF562452F96F006F30E4 /* Frameworks */,
				BCA0FF572452F96F006F30E4 /* Resources */,
			);
			buildRules = (
			);
			dependencies = (
			);
			name = ThemeCreator;
			productName = ThemeCreator;
			productReference = BCA0FF592452F96F006F30E4 /* ThemeCreator.app */;
			productType = "com.apple.product-type.application";
		};
		BCA0FF6E2452F970006F30E4 /* ThemeCreatorTests */ = {
			isa = PBXNativeTarget;
			buildConfigurationList = BCA0FF862452F970006F30E4 /* Build configuration list for PBXNativeTarget "ThemeCreatorTests" */;
			buildPhases = (
				BCA0FF6B2452F970006F30E4 /* Sources */,
				BCA0FF6C2452F970006F30E4 /* Frameworks */,
				BCA0FF6D2452F970006F30E4 /* Resources */,
			);
			buildRules = (
			);
			dependencies = (
				BCA0FF712452F970006F30E4 /* PBXTargetDependency */,
			);
			name = ThemeCreatorTests;
			productName = ThemeCreatorTests;
			productReference = BCA0FF6F2452F970006F30E4 /* ThemeCreatorTests.xctest */;
			productType = "com.apple.product-type.bundle.unit-test";
		};
		BCA0FF792452F970006F30E4 /* ThemeCreatorUITests */ = {
			isa = PBXNativeTarget;
			buildConfigurationList = BCA0FF892452F970006F30E4 /* Build configuration list for PBXNativeTarget "ThemeCreatorUITests" */;
			buildPhases = (
				BCA0FF762452F970006F30E4 /* Sources */,
				BCA0FF772452F970006F30E4 /* Frameworks */,
				BCA0FF782452F970006F30E4 /* Resources */,
			);
			buildRules = (
			);
			dependencies = (
				BCA0FF7C2452F970006F30E4 /* PBXTargetDependency */,
			);
			name = ThemeCreatorUITests;
			productName = ThemeCreatorUITests;
			productReference = BCA0FF7A2452F970006F30E4 /* ThemeCreatorUITests.xctest */;
			productType = "com.apple.product-type.bundle.ui-testing";
		};
/* End PBXNativeTarget section */

/* Begin PBXProject section */
		BCA0FF512452F96F006F30E4 /* Project object */ = {
			isa = PBXProject;
			attributes = {
				LastSwiftUpdateCheck = 1130;
				LastUpgradeCheck = 1130;
				ORGANIZATIONNAME = gwl;
				TargetAttributes = {
					BCA0FF582452F96F006F30E4 = {
						CreatedOnToolsVersion = 11.3;
					};
					BCA0FF6E2452F970006F30E4 = {
						CreatedOnToolsVersion = 11.3;
						TestTargetID = BCA0FF582452F96F006F30E4;
					};
					BCA0FF792452F970006F30E4 = {
						CreatedOnToolsVersion = 11.3;
						TestTargetID = BCA0FF582452F96F006F30E4;
					};
				};
			};
			buildConfigurationList = BCA0FF542452F96F006F30E4 /* Build configuration list for PBXProject "ThemeCreator" */;
			compatibilityVersion = "Xcode 9.3";
			developmentRegion = en;
			hasScannedForEncodings = 0;
			knownRegions = (
				en,
				Base,
			);
			mainGroup = BCA0FF502452F96F006F30E4;
			productRefGroup = BCA0FF5A2452F96F006F30E4 /* Products */;
			projectDirPath = "";
			projectRoot = "";
			targets = (
				BCA0FF582452F96F006F30E4 /* ThemeCreator */,
				BCA0FF6E2452F970006F30E4 /* ThemeCreatorTests */,
				BCA0FF792452F970006F30E4 /* ThemeCreatorUITests */,
			);
		};
/* End PBXProject section */

/* Begin PBXResourcesBuildPhase section */
		BCA0FF572452F96F006F30E4 /* Resources */ = {
			isa = PBXResourcesBuildPhase;
			buildActionMask = 2147483647;
			files = (
				BCA0FF692452F970006F30E4 /* LaunchScreen.storyboard in Resources */,
				BCA0FFA024530D89006F30E4 /* ThemeColors.xcassets in Resources */,
				BCA0FF662452F970006F30E4 /* Assets.xcassets in Resources */,
				BCA0FF642452F96F006F30E4 /* Main.storyboard in Resources */,
			);
			runOnlyForDeploymentPostprocessing = 0;
		};
		BCA0FF6D2452F970006F30E4 /* Resources */ = {
			isa = PBXResourcesBuildPhase;
			buildActionMask = 2147483647;
			files = (
			);
			runOnlyForDeploymentPostprocessing = 0;
		};
		BCA0FF782452F970006F30E4 /* Resources */ = {
			isa = PBXResourcesBuildPhase;
			buildActionMask = 2147483647;
			files = (
			);
			runOnlyForDeploymentPostprocessing = 0;
		};
/* End PBXResourcesBuildPhase section */

/* Begin PBXSourcesBuildPhase section */
		BCA0FF552452F96F006F30E4 /* Sources */ = {
			isa = PBXSourcesBuildPhase;
			buildActionMask = 2147483647;
			files = (
				BCA0FF982452F9DC006F30E4 /* ThemeTextView.swift in Sources */,
				BCA0FF612452F96F006F30E4 /* ViewController.swift in Sources */,
				BCA0FF9D2452FAE3006F30E4 /* LocalizableProtocol.swift in Sources */,
				BCA0FF902452F9C9006F30E4 /* AppTheme.swift in Sources */,
				BCA0FF5D2452F96F006F30E4 /* AppDelegate.swift in Sources */,
				BCA0FF5F2452F96F006F30E4 /* SceneDelegate.swift in Sources */,
				BCA0FF962452F9DC006F30E4 /* ThemeButton.swift in Sources */,
				BCA0FF992452F9DC006F30E4 /* ThemeLabel.swift in Sources */,
				BCA0FF9C2452FAE3006F30E4 /* Localizable.swift in Sources */,
				BCA0FF972452F9DC006F30E4 /* ThemeTextField.swift in Sources */,
			);
			runOnlyForDeploymentPostprocessing = 0;
		};
		BCA0FF6B2452F970006F30E4 /* Sources */ = {
			isa = PBXSourcesBuildPhase;
			buildActionMask = 2147483647;
			files = (
				BCA0FF742452F970006F30E4 /* ThemeCreatorTests.swift in Sources */,
			);
			runOnlyForDeploymentPostprocessing = 0;
		};
		BCA0FF762452F970006F30E4 /* Sources */ = {
			isa = PBXSourcesBuildPhase;
			buildActionMask = 2147483647;
			files = (
				BCA0FF7F2452F970006F30E4 /* ThemeCreatorUITests.swift in Sources */,
			);
			runOnlyForDeploymentPostprocessing = 0;
		};
/* End PBXSourcesBuildPhase section */

/* Begin PBXTargetDependency section */
		BCA0FF712452F970006F30E4 /* PBXTargetDependency */ = {
			isa = PBXTargetDependency;
			target = BCA0FF582452F96F006F30E4 /* ThemeCreator */;
			targetProxy = BCA0FF702452F970006F30E4 /* PBXContainerItemProxy */;
		};
		BCA0FF7C2452F970006F30E4 /* PBXTargetDependency */ = {
			isa = PBXTargetDependency;
			target = BCA0FF582452F96F006F30E4 /* ThemeCreator */;
			targetProxy = BCA0FF7B2452F970006F30E4 /* PBXContainerItemProxy */;
		};
/* End PBXTargetDependency section */

/* Begin PBXVariantGroup section */
		BCA0FF622452F96F006F30E4 /* Main.storyboard */ = {
			isa = PBXVariantGroup;
			children = (
				BCA0FF632452F96F006F30E4 /* Base */,
			);
			name = Main.storyboard;
			sourceTree = "<group>";
		};
		BCA0FF672452F970006F30E4 /* LaunchScreen.storyboard */ = {
			isa = PBXVariantGroup;
			children = (
				BCA0FF682452F970006F30E4 /* Base */,
			);
			name = LaunchScreen.storyboard;
			sourceTree = "<group>";
		};
/* End PBXVariantGroup section */

/* Begin XCBuildConfiguration section */
		BCA0FF812452F970006F30E4 /* Debug */ = {
			isa = XCBuildConfiguration;
			buildSettings = {
				ALWAYS_SEARCH_USER_PATHS = NO;
				CLANG_ANALYZER_NONNULL = YES;
				CLANG_ANALYZER_NUMBER_OBJECT_CONVERSION = YES_AGGRESSIVE;
				CLANG_CXX_LANGUAGE_STANDARD = "gnu++14";
				CLANG_CXX_LIBRARY = "libc++";
				CLANG_ENABLE_MODULES = YES;
				CLANG_ENABLE_OBJC_ARC = YES;
				CLANG_ENABLE_OBJC_WEAK = YES;
				CLANG_WARN_BLOCK_CAPTURE_AUTORELEASING = YES;
				CLANG_WARN_BOOL_CONVERSION = YES;
				CLANG_WARN_COMMA = YES;
				CLANG_WARN_CONSTANT_CONVERSION = YES;
				CLANG_WARN_DEPRECATED_OBJC_IMPLEMENTATIONS = YES;
				CLANG_WARN_DIRECT_OBJC_ISA_USAGE = YES_ERROR;
				CLANG_WARN_DOCUMENTATION_COMMENTS = YES;
				CLANG_WARN_EMPTY_BODY = YES;
				CLANG_WARN_ENUM_CONVERSION = YES;
				CLANG_WARN_INFINITE_RECURSION = YES;
				CLANG_WARN_INT_CONVERSION = YES;
				CLANG_WARN_NON_LITERAL_NULL_CONVERSION = YES;
				CLANG_WARN_OBJC_IMPLICIT_RETAIN_SELF = YES;
				CLANG_WARN_OBJC_LITERAL_CONVERSION = YES;
				CLANG_WARN_OBJC_ROOT_CLASS = YES_ERROR;
				CLANG_WARN_RANGE_LOOP_ANALYSIS = YES;
				CLANG_WARN_STRICT_PROTOTYPES = YES;
				CLANG_WARN_SUSPICIOUS_MOVE = YES;
				CLANG_WARN_UNGUARDED_AVAILABILITY = YES_AGGRESSIVE;
				CLANG_WARN_UNREACHABLE_CODE = YES;
				CLANG_WARN__DUPLICATE_METHOD_MATCH = YES;
				COPY_PHASE_STRIP = NO;
				DEBUG_INFORMATION_FORMAT = dwarf;
				ENABLE_STRICT_OBJC_MSGSEND = YES;
				ENABLE_TESTABILITY = YES;
				GCC_C_LANGUAGE_STANDARD = gnu11;
				GCC_DYNAMIC_NO_PIC = NO;
				GCC_NO_COMMON_BLOCKS = YES;
				GCC_OPTIMIZATION_LEVEL = 0;
				GCC_PREPROCESSOR_DEFINITIONS = (
					"DEBUG=1",
					"$(inherited)",
				);
				GCC_WARN_64_TO_32_BIT_CONVERSION = YES;
				GCC_WARN_ABOUT_RETURN_TYPE = YES_ERROR;
				GCC_WARN_UNDECLARED_SELECTOR = YES;
				GCC_WARN_UNINITIALIZED_AUTOS = YES_AGGRESSIVE;
				GCC_WARN_UNUSED_FUNCTION = YES;
				GCC_WARN_UNUSED_VARIABLE = YES;
				IPHONEOS_DEPLOYMENT_TARGET = 13.2;
				MTL_ENABLE_DEBUG_INFO = INCLUDE_SOURCE;
				MTL_FAST_MATH = YES;
				ONLY_ACTIVE_ARCH = YES;
				SDKROOT = iphoneos;
				SWIFT_ACTIVE_COMPILATION_CONDITIONS = DEBUG;
				SWIFT_OPTIMIZATION_LEVEL = "-Onone";
			};
			name = Debug;
		};
		BCA0FF822452F970006F30E4 /* Release */ = {
			isa = XCBuildConfiguration;
			buildSettings = {
				ALWAYS_SEARCH_USER_PATHS = NO;
				CLANG_ANALYZER_NONNULL = YES;
				CLANG_ANALYZER_NUMBER_OBJECT_CONVERSION = YES_AGGRESSIVE;
				CLANG_CXX_LANGUAGE_STANDARD = "gnu++14";
				CLANG_CXX_LIBRARY = "libc++";
				CLANG_ENABLE_MODULES = YES;
				CLANG_ENABLE_OBJC_ARC = YES;
				CLANG_ENABLE_OBJC_WEAK = YES;
				CLANG_WARN_BLOCK_CAPTURE_AUTORELEASING = YES;
				CLANG_WARN_BOOL_CONVERSION = YES;
				CLANG_WARN_COMMA = YES;
				CLANG_WARN_CONSTANT_CONVERSION = YES;
				CLANG_WARN_DEPRECATED_OBJC_IMPLEMENTATIONS = YES;
				CLANG_WARN_DIRECT_OBJC_ISA_USAGE = YES_ERROR;
				CLANG_WARN_DOCUMENTATION_COMMENTS = YES;
				CLANG_WARN_EMPTY_BODY = YES;
				CLANG_WARN_ENUM_CONVERSION = YES;
				CLANG_WARN_INFINITE_RECURSION = YES;
				CLANG_WARN_INT_CONVERSION = YES;
				CLANG_WARN_NON_LITERAL_NULL_CONVERSION = YES;
				CLANG_WARN_OBJC_IMPLICIT_RETAIN_SELF = YES;
				CLANG_WARN_OBJC_LITERAL_CONVERSION = YES;
				CLANG_WARN_OBJC_ROOT_CLASS = YES_ERROR;
				CLANG_WARN_RANGE_LOOP_ANALYSIS = YES;
				CLANG_WARN_STRICT_PROTOTYPES = YES;
				CLANG_WARN_SUSPICIOUS_MOVE = YES;
				CLANG_WARN_UNGUARDED_AVAILABILITY = YES_AGGRESSIVE;
				CLANG_WARN_UNREACHABLE_CODE = YES;
				CLANG_WARN__DUPLICATE_METHOD_MATCH = YES;
				COPY_PHASE_STRIP = NO;
				DEBUG_INFORMATION_FORMAT = "dwarf-with-dsym";
				ENABLE_NS_ASSERTIONS = NO;
				ENABLE_STRICT_OBJC_MSGSEND = YES;
				GCC_C_LANGUAGE_STANDARD = gnu11;
				GCC_NO_COMMON_BLOCKS = YES;
				GCC_WARN_64_TO_32_BIT_CONVERSION = YES;
				GCC_WARN_ABOUT_RETURN_TYPE = YES_ERROR;
				GCC_WARN_UNDECLARED_SELECTOR = YES;
				GCC_WARN_UNINITIALIZED_AUTOS = YES_AGGRESSIVE;
				GCC_WARN_UNUSED_FUNCTION = YES;
				GCC_WARN_UNUSED_VARIABLE = YES;
				IPHONEOS_DEPLOYMENT_TARGET = 13.2;
				MTL_ENABLE_DEBUG_INFO = NO;
				MTL_FAST_MATH = YES;
				SDKROOT = iphoneos;
				SWIFT_COMPILATION_MODE = wholemodule;
				SWIFT_OPTIMIZATION_LEVEL = "-O";
				VALIDATE_PRODUCT = YES;
			};
			name = Release;
		};
		BCA0FF842452F970006F30E4 /* Debug */ = {
			isa = XCBuildConfiguration;
			buildSettings = {
				ASSETCATALOG_COMPILER_APPICON_NAME = AppIcon;
				CODE_SIGN_STYLE = Automatic;
				INFOPLIST_FILE = ThemeCreator/Info.plist;
				LD_RUNPATH_SEARCH_PATHS = (
					"$(inherited)",
					"@executable_path/Frameworks",
				);
				PRODUCT_BUNDLE_IDENTIFIER = com.gwl..ThemeCreator;
				PRODUCT_NAME = "$(TARGET_NAME)";
				SWIFT_VERSION = 5.0;
				TARGETED_DEVICE_FAMILY = 1;
			};
			name = Debug;
		};
		BCA0FF852452F970006F30E4 /* Release */ = {
			isa = XCBuildConfiguration;
			buildSettings = {
				ASSETCATALOG_COMPILER_APPICON_NAME = AppIcon;
				CODE_SIGN_STYLE = Automatic;
				INFOPLIST_FILE = ThemeCreator/Info.plist;
				LD_RUNPATH_SEARCH_PATHS = (
					"$(inherited)",
					"@executable_path/Frameworks",
				);
				PRODUCT_BUNDLE_IDENTIFIER = com.gwl..ThemeCreator;
				PRODUCT_NAME = "$(TARGET_NAME)";
				SWIFT_VERSION = 5.0;
				TARGETED_DEVICE_FAMILY = 1;
			};
			name = Release;
		};
		BCA0FF872452F970006F30E4 /* Debug */ = {
			isa = XCBuildConfiguration;
			buildSettings = {
				ALWAYS_EMBED_SWIFT_STANDARD_LIBRARIES = YES;
				BUNDLE_LOADER = "$(TEST_HOST)";
				CODE_SIGN_STYLE = Automatic;
				INFOPLIST_FILE = ThemeCreatorTests/Info.plist;
				IPHONEOS_DEPLOYMENT_TARGET = 13.2;
				LD_RUNPATH_SEARCH_PATHS = (
					"$(inherited)",
					"@executable_path/Frameworks",
					"@loader_path/Frameworks",
				);
				PRODUCT_BUNDLE_IDENTIFIER = com.gwl..ThemeCreatorTests;
				PRODUCT_NAME = "$(TARGET_NAME)";
				SWIFT_VERSION = 5.0;
				TARGETED_DEVICE_FAMILY = "1,2";
				TEST_HOST = "$(BUILT_PRODUCTS_DIR)/ThemeCreator.app/ThemeCreator";
			};
			name = Debug;
		};
		BCA0FF882452F970006F30E4 /* Release */ = {
			isa = XCBuildConfiguration;
			buildSettings = {
				ALWAYS_EMBED_SWIFT_STANDARD_LIBRARIES = YES;
				BUNDLE_LOADER = "$(TEST_HOST)";
				CODE_SIGN_STYLE = Automatic;
				INFOPLIST_FILE = ThemeCreatorTests/Info.plist;
				IPHONEOS_DEPLOYMENT_TARGET = 13.2;
				LD_RUNPATH_SEARCH_PATHS = (
					"$(inherited)",
					"@executable_path/Frameworks",
					"@loader_path/Frameworks",
				);
				PRODUCT_BUNDLE_IDENTIFIER = com.gwl..ThemeCreatorTests;
				PRODUCT_NAME = "$(TARGET_NAME)";
				SWIFT_VERSION = 5.0;
				TARGETED_DEVICE_FAMILY = "1,2";
				TEST_HOST = "$(BUILT_PRODUCTS_DIR)/ThemeCreator.app/ThemeCreator";
			};
			name = Release;
		};
		BCA0FF8A2452F970006F30E4 /* Debug */ = {
			isa = XCBuildConfiguration;
			buildSettings = {
				ALWAYS_EMBED_SWIFT_STANDARD_LIBRARIES = YES;
				CODE_SIGN_STYLE = Automatic;
				INFOPLIST_FILE = ThemeCreatorUITests/Info.plist;
				LD_RUNPATH_SEARCH_PATHS = (
					"$(inherited)",
					"@executable_path/Frameworks",
					"@loader_path/Frameworks",
				);
				PRODUCT_BUNDLE_IDENTIFIER = com.gwl..ThemeCreatorUITests;
				PRODUCT_NAME = "$(TARGET_NAME)";
				SWIFT_VERSION = 5.0;
				TARGETED_DEVICE_FAMILY = "1,2";
				TEST_TARGET_NAME = ThemeCreator;
			};
			name = Debug;
		};
		BCA0FF8B2452F970006F30E4 /* Release */ = {
			isa = XCBuildConfiguration;
			buildSettings = {
				ALWAYS_EMBED_SWIFT_STANDARD_LIBRARIES = YES;
				CODE_SIGN_STYLE = Automatic;
				INFOPLIST_FILE = ThemeCreatorUITests/Info.plist;
				LD_RUNPATH_SEARCH_PATHS = (
					"$(inherited)",
					"@executable_path/Frameworks",
					"@loader_path/Frameworks",
				);
				PRODUCT_BUNDLE_IDENTIFIER = com.gwl..ThemeCreatorUITests;
				PRODUCT_NAME = "$(TARGET_NAME)";
				SWIFT_VERSION = 5.0;
				TARGETED_DEVICE_FAMILY = "1,2";
				TEST_TARGET_NAME = ThemeCreator;
			};
			name = Release;
		};
/* End XCBuildConfiguration section */

/* Begin XCConfigurationList section */
		BCA0FF542452F96F006F30E4 /* Build configuration list for PBXProject "ThemeCreator" */ = {
			isa = XCConfigurationList;
			buildConfigurations = (
				BCA0FF812452F970006F30E4 /* Debug */,
				BCA0FF822452F970006F30E4 /* Release */,
			);
			defaultConfigurationIsVisible = 0;
			defaultConfigurationName = Release;
		};
		BCA0FF832452F970006F30E4 /* Build configuration list for PBXNativeTarget "ThemeCreator" */ = {
			isa = XCConfigurationList;
			buildConfigurations = (
				BCA0FF842452F970006F30E4 /* Debug */,
				BCA0FF852452F970006F30E4 /* Release */,
			);
			defaultConfigurationIsVisible = 0;
			defaultConfigurationName = Release;
		};
		BCA0FF862452F970006F30E4 /* Build configuration list for PBXNativeTarget "ThemeCreatorTests" */ = {
			isa = XCConfigurationList;
			buildConfigurations = (
				BCA0FF872452F970006F30E4 /* Debug */,
				BCA0FF882452F970006F30E4 /* Release */,
			);
			defaultConfigurationIsVisible = 0;
			defaultConfigurationName = Release;
		};
		BCA0FF892452F970006F30E4 /* Build configuration list for PBXNativeTarget "ThemeCreatorUITests" */ = {
			isa = XCConfigurationList;
			buildConfigurations = (
				BCA0FF8A2452F970006F30E4 /* Debug */,
				BCA0FF8B2452F970006F30E4 /* Release */,
			);
			defaultConfigurationIsVisible = 0;
			defaultConfigurationName = Release;
		};
/* End XCConfigurationList section */
	};
	rootObject = BCA0FF512452F96F006F30E4 /* Project object */;
}
